
Microsoft Visual Studio Solution File, Format Version 12.00
# Visual Studio Version 18
VisualStudioVersion = 18.3.11505.172 d18.3
MinimumVisualStudioVersion = 10.0.40219.1
Project("{FAE04EC0-301F-11D3-BF4B-00C04F79EFBC}") = "Distcomp.Application", "Distcomp.Application\Distcomp.Application.csproj", "{AE57379D-F387-FD66-64A0-D16BE23A1218}"
EndProject
Project("{FAE04EC0-301F-11D3-BF4B-00C04F79EFBC}") = "Distcomp.Domain", "Distcomp.Domain\Distcomp.Domain.csproj", "{E1314B63-2FE1-1694-EEF3-F68246B9E090}"
EndProject
Project("{FAE04EC0-301F-11D3-BF4B-00C04F79EFBC}") = "Distcomp.Infrastructure", "Distcomp.Infrastructure\Distcomp.Infrastructure.csproj", "{209FC152-681C-9749-3CCD-06969DC9D318}"
EndProject
Project("{FAE04EC0-301F-11D3-BF4B-00C04F79EFBC}") = "Distcomp.Tests", "Distcomp.Tests\Distcomp.Tests.csproj", "{CD1455A1-180D-C1C0-0CE4-0130917B600A}"
EndProject
Project("{FAE04EC0-301F-11D3-BF4B-00C04F79EFBC}") = "Distcomp.WebApi", "Distcomp.WebApi\Distcomp.WebApi.csproj", "{104DFB63-BDE5-53ED-2F72-48B589B3D904}"
EndProject
Global
	GlobalSection(SolutionConfigurationPlatforms) = preSolution
		Debug|Any CPU = Debug|Any CPU
		Release|Any CPU = Release|Any CPU
	EndGlobalSection
	GlobalSection(ProjectConfigurationPlatforms) = postSolution
		{AE57379D-F387-FD66-64A0-D16BE23A1218}.Debug|Any CPU.ActiveCfg = Debug|Any CPU
		{AE57379D-F387-FD66-64A0-D16BE23A1218}.Debug|Any CPU.Build.0 = Debug|Any CPU
		{AE57379D-F387-FD66-64A0-D16BE23A1218}.Release|Any CPU.ActiveCfg = Release|Any CPU
		{AE57379D-F387-FD66-64A0-D16BE23A1218}.Release|Any CPU.Build.0 = Release|Any CPU
		{E1314B63-2FE1-1694-EEF3-F68246B9E090}.Debug|Any CPU.ActiveCfg = Debug|Any CPU
		{E1314B63-2FE1-1694-EEF3-F68246B9E090}.Debug|Any CPU.Build.0 = Debug|Any CPU
		{E1314B63-2FE1-1694-EEF3-F68246B9E090}.Release|Any CPU.ActiveCfg = Release|Any CPU
		{E1314B63-2FE1-1694-EEF3-F68246B9E090}.Release|Any CPU.Build.0 = Release|Any CPU
		{209FC152-681C-9749-3CCD-06969DC9D318}.Debug|Any CPU.ActiveCfg = Debug|Any CPU
		{209FC152-681C-9749-3CCD-06969DC9D318}.Debug|Any CPU.Build.0 = Debug|Any CPU
		{209FC152-681C-9749-3CCD-06969DC9D318}.Release|Any CPU.ActiveCfg = Release|Any CPU
		{209FC152-681C-9749-3CCD-06969DC9D318}.Release|Any CPU.Build.0 = Release|Any CPU
		{CD1455A1-180D-C1C0-0CE4-0130917B600A}.Debug|Any CPU.ActiveCfg = Debug|Any CPU
		{CD1455A1-180D-C1C0-0CE4-0130917B600A}.Debug|Any CPU.Build.0 = Debug|Any CPU
		{CD1455A1-180D-C1C0-0CE4-0130917B600A}.Release|Any CPU.ActiveCfg = Release|Any CPU
		{CD1455A1-180D-C1C0-0CE4-0130917B600A}.Release|Any CPU.Build.0 = Release|Any CPU
		{104DFB63-BDE5-53ED-2F72-48B589B3D904}.Debug|Any CPU.ActiveCfg = Debug|Any CPU
		{104DFB63-BDE5-53ED-2F72-48B589B3D904}.Debug|Any CPU.Build.0 = Debug|Any CPU
		{104DFB63-BDE5-53ED-2F72-48B589B3D904}.Release|Any CPU.ActiveCfg = Release|Any CPU
		{104DFB63-BDE5-53ED-2F72-48B589B3D904}.Release|Any CPU.Build.0 = Release|Any CPU
	EndGlobalSection
	GlobalSection(SolutionProperties) = preSolution
		HideSolutionNode = FALSE
	EndGlobalSection
	GlobalSection(ExtensibilityGlobals) = postSolution
		SolutionGuid = {76604177-F4D5-4532-8C42-22BAD5708E9D}
	EndGlobalSection
EndGlobal
